
Microsoft Visual Studio Solution File, Format Version 12.00
# Visual Studio Version 17
VisualStudioVersion = 17.1.32421.90
MinimumVisualStudioVersion = 10.0.40219.1
Project("{FAE04EC0-301F-11D3-BF4B-00C04F79EFBC}") = "M3_L4_EventsDelegates", "M3_L4_EventsDelegates.csproj", "{68E65A7B-A35F-4EFA-8865-1FB3E436D480}"
EndProject
Global
	GlobalSection(SolutionConfigurationPlatforms) = preSolution
		Debug|Any CPU = Debug|Any CPU
		Release|Any CPU = Release|Any CPU
	EndGlobalSection
	GlobalSection(ProjectConfigurationPlatforms) = postSolution
		{68E65A7B-A35F-4EFA-8865-1FB3E436D480}.Debug|Any CPU.ActiveCfg = Debug|Any CPU
		{68E65A7B-A35F-4EFA-8865-1FB3E436D480}.Debug|Any CPU.Build.0 = Debug|Any CPU
		{68E65A7B-A35F-4EFA-8865-1FB3E436D480}.Release|Any CPU.ActiveCfg = Release|Any CPU
		{68E65A7B-A35F-4EFA-8865-1FB3E436D480}.Release|Any CPU.Build.0 = Release|Any CPU
	EndGlobalSection
	GlobalSection(SolutionProperties) = preSolution
		HideSolutionNode = FALSE
	EndGlobalSection
	GlobalSection(ExtensibilityGlobals) = postSolution
		SolutionGuid = {2B8347CC-FAAF-4104-98C4-7D65D70FEB7D}
	EndGlobalSection
EndGlobal
